Microsoft Visual Studio Solution File, Format Version 12.00
# Visual Studio Version 17
VisualStudioVersion = 17.5.2.0
MinimumVisualStudioVersion = 10.0.40219.1
Project("{FAE04EC0-301F-11D3-BF4B-00C04F79EFBC}") = "Lab04.Exams", "Lab04.Exams.csproj", "{BCD5A0FA-7BD2-3570-8F4D-5905F690EB64}"
EndProject
Global
	GlobalSection(SolutionConfigurationPlatforms) = preSolution
		Debug|Any CPU = Debug|Any CPU
		Release|Any CPU = Release|Any CPU
	EndGlobalSection
	GlobalSection(ProjectConfigurationPlatforms) = postSolution
		{BCD5A0FA-7BD2-3570-8F4D-5905F690EB64}.Debug|Any CPU.ActiveCfg = Debug|Any CPU
		{BCD5A0FA-7BD2-3570-8F4D-5905F690EB64}.Debug|Any CPU.Build.0 = Debug|Any CPU
		{BCD5A0FA-7BD2-3570-8F4D-5905F690EB64}.Release|Any CPU.ActiveCfg = Release|Any CPU
		{BCD5A0FA-7BD2-3570-8F4D-5905F690EB64}.Release|Any CPU.Build.0 = Release|Any CPU
	EndGlobalSection
	GlobalSection(SolutionProperties) = preSolution
		HideSolutionNode = FALSE
	EndGlobalSection
	GlobalSection(ExtensibilityGlobals) = postSolution
		SolutionGuid = {ED186C47-672B-4ACE-A353-DED3CA8B7A9B}
	EndGlobalSection
EndGlobal
